
Microsoft Visual Studio Solution File, Format Version 12.00
# Visual Studio Version 17
VisualStudioVersion = 17.0.31903.59
MinimumVisualStudioVersion = 10.0.40219.1
Project("{2150E333-8FDC-42A3-9474-1A3956D46DE8}") = "Creational", "Creational", "{F7345594-897B-4FD9-81A7-34055BEDC1FE}"
EndProject
Project("{2150E333-8FDC-42A3-9474-1A3956D46DE8}") = "FactoryMethod", "FactoryMethod", "{20537D44-CBBA-40FE-8B4E-4225F5BBE8D2}"
EndProject
Project("{FAE04EC0-301F-11D3-BF4B-00C04F79EFBC}") = "FactoryMethod.Console", "Creational\FactoryMethod\FactoryMethod.Console\FactoryMethod.Console.csproj", "{B1B99A40-41DD-43A7-8C88-DB765D0093C1}"
EndProject
Project("{FAE04EC0-301F-11D3-BF4B-00C04F79EFBC}") = "FactoryMethod.DesignPattern", "Creational\FactoryMethod\FactoryMethod.DesignPattern\FactoryMethod.DesignPattern.csproj", "{7B0CF810-9069-4FD5-8FFE-E735D506DAC1}"
EndProject
Project("{2150E333-8FDC-42A3-9474-1A3956D46DE8}") = "AbstractFactory", "AbstractFactory", "{6523E22A-5DC6-4BEC-AA2C-DA34F355865B}"
EndProject
Project("{FAE04EC0-301F-11D3-BF4B-00C04F79EFBC}") = "AbstractFactory.DesignPattern", "Creational\AbstractFactory\AbstractFactory.DesignPattern\AbstractFactory.DesignPattern.csproj", "{62998CC9-B5D2-4A17-8C2E-A30AB6405404}"
EndProject
Project("{FAE04EC0-301F-11D3-BF4B-00C04F79EFBC}") = "AbstractFactory.Console", "Creational\AbstractFactory\AbstractFactory.Console\AbstractFactory.Console.csproj", "{974ED8CD-3734-4610-AB0F-816606A3F1FA}"
EndProject
Project("{2150E333-8FDC-42A3-9474-1A3956D46DE8}") = "Builder", "Builder", "{016FD52F-C31B-40E6-8F81-86BC894DF778}"
	ProjectSection(SolutionItems) = preProject
		Creational\Builder\readme.md = Creational\Builder\readme.md
	EndProjectSection
EndProject
Project("{FAE04EC0-301F-11D3-BF4B-00C04F79EFBC}") = "Builder.Console", "Creational\Builder\Builder.Console\Builder.Console.csproj", "{8571E985-A9F0-4CBC-911E-AB3A8CF46EB2}"
EndProject
Project("{FAE04EC0-301F-11D3-BF4B-00C04F79EFBC}") = "Builder.DesignPattern", "Creational\Builder\Builder.DesignPattern\Builder.DesignPattern.csproj", "{07C1771A-9656-4DD0-9B5D-A92F2601003F}"
EndProject
Project("{2150E333-8FDC-42A3-9474-1A3956D46DE8}") = "Structural", "Structural", "{296B62EF-E1AB-4089-A15A-92C2F26E6267}"
EndProject
Project("{2150E333-8FDC-42A3-9474-1A3956D46DE8}") = "Adapter", "Adapter", "{43ECD795-BAC3-4EF3-BBF6-ABB50C95A6B1}"
	ProjectSection(SolutionItems) = preProject
		Structural\Adapter\readme.md = Structural\Adapter\readme.md
	EndProjectSection
EndProject
Project("{FAE04EC0-301F-11D3-BF4B-00C04F79EFBC}") = "Adapter.DesignPattern", "Structural\Adapter\Adapter.DesignPattern\Adapter.DesignPattern.csproj", "{F0B97B3C-CA25-47F2-B837-68E3933E65EA}"
EndProject
Project("{FAE04EC0-301F-11D3-BF4B-00C04F79EFBC}") = "Adapter.Console", "Structural\Adapter\Adapter.Console\Adapter.Console.csproj", "{C7D0ADEC-679E-4145-B3E4-B679BDBF494C}"
EndProject
Project("{2150E333-8FDC-42A3-9474-1A3956D46DE8}") = "Decorator", "Decorator", "{FAE4A505-D8AE-46BE-AA9B-D102355FC97E}"
	ProjectSection(SolutionItems) = preProject
		Structural\Decorator\readme.md = Structural\Decorator\readme.md
	EndProjectSection
EndProject
Project("{FAE04EC0-301F-11D3-BF4B-00C04F79EFBC}") = "Decorator.Console", "Structural\Decorator\Decorator.Console\Decorator.Console.csproj", "{AE53E52C-8792-42A3-9C39-1FB6C2D94794}"
EndProject
Project("{FAE04EC0-301F-11D3-BF4B-00C04F79EFBC}") = "Decorator.DesignPattern", "Structural\Decorator\Decorator.DesignPattern\Decorator.DesignPattern.csproj", "{4ADC5943-74B3-400C-B61C-90C2B53D70E2}"
EndProject
Project("{2150E333-8FDC-42A3-9474-1A3956D46DE8}") = "Composite", "Composite", "{01F1CC50-F2E8-458E-9CCF-7D74E50B73D2}"
	ProjectSection(SolutionItems) = preProject
		Structural\Composite\readme.md = Structural\Composite\readme.md
	EndProjectSection
EndProject
Project("{FAE04EC0-301F-11D3-BF4B-00C04F79EFBC}") = "Composite.DesignPattern", "Structural\Composite\Composite.DesignPattern\Composite.DesignPattern.csproj", "{C2CC3397-60B7-4631-A303-E1C5662DB667}"
EndProject
Project("{FAE04EC0-301F-11D3-BF4B-00C04F79EFBC}") = "Composite.Console", "Structural\Composite\Composite.Console\Composite.Console.csproj", "{77E1BF93-311B-4EF0-943A-5E49AB9F146B}"
EndProject
Project("{2150E333-8FDC-42A3-9474-1A3956D46DE8}") = "Facade", "Facade", "{59C57F5E-EF48-4254-AD37-EF4966B076BF}"
	ProjectSection(SolutionItems) = preProject
		Structural\Facade\readme.md = Structural\Facade\readme.md
	EndProjectSection
EndProject
Project("{FAE04EC0-301F-11D3-BF4B-00C04F79EFBC}") = "Facade.DesignPattern", "Structural\Facade\Facade.DesignPattern\Facade.DesignPattern.csproj", "{03BD6829-4051-43C0-B9F5-99E7C62F0048}"
EndProject
Project("{FAE04EC0-301F-11D3-BF4B-00C04F79EFBC}") = "Facade.Console", "Structural\Facade\Facade.Console\Facade.Console.csproj", "{C00E56A8-5D7C-4E07-95C1-353CA035866D}"
EndProject
Project("{2150E333-8FDC-42A3-9474-1A3956D46DE8}") = "Proxy", "Proxy", "{7E189702-FD5A-498A-839B-29D50B3BA6D8}"
	ProjectSection(SolutionItems) = preProject
		Structural\Proxy\readme.md = Structural\Proxy\readme.md
	EndProjectSection
EndProject
Project("{FAE04EC0-301F-11D3-BF4B-00C04F79EFBC}") = "Proxy.Console", "Structural\Proxy\Proxy.Console\Proxy.Console.csproj", "{2C86E813-B3CC-47A1-A7C1-4EFD94D1D5FD}"
EndProject
Project("{FAE04EC0-301F-11D3-BF4B-00C04F79EFBC}") = "Proxy.DesignPattern", "Structural\Proxy\Proxy.DesignPattern\Proxy.DesignPattern.csproj", "{1531DA11-0E8F-4E3F-9479-C1B45B7651FD}"
EndProject
Project("{2150E333-8FDC-42A3-9474-1A3956D46DE8}") = "Bridge", "Bridge", "{D995CA3E-5B4F-4122-96C7-A846EDF7A36F}"
	ProjectSection(SolutionItems) = preProject
		Structural\Bridge\readme.md = Structural\Bridge\readme.md
	EndProjectSection
EndProject
Project("{FAE04EC0-301F-11D3-BF4B-00C04F79EFBC}") = "Bridge.DesignPattern", "Structural\Bridge\Bridge.DesignPattern\Bridge.DesignPattern.csproj", "{89A68D95-F54E-4A38-AD83-67F065F84CA0}"
EndProject
Project("{FAE04EC0-301F-11D3-BF4B-00C04F79EFBC}") = "Bridge.Console", "Structural\Bridge\Bridge.Console\Bridge.Console.csproj", "{57A26996-24E3-48EF-BB3A-6B82CF704B8E}"
EndProject
Project("{2150E333-8FDC-42A3-9474-1A3956D46DE8}") = "Behavioral", "Behavioral", "{E32F960E-1675-4E04-A115-B5B71BE51425}"
EndProject
Project("{2150E333-8FDC-42A3-9474-1A3956D46DE8}") = "TemplateMethod", "TemplateMethod", "{FB0BC892-02C0-4A2A-8208-59CF8E20E8B8}"
	ProjectSection(SolutionItems) = preProject
		Behavioral\TemplateMethod\readme.md = Behavioral\TemplateMethod\readme.md
	EndProjectSection
EndProject
Project("{FAE04EC0-301F-11D3-BF4B-00C04F79EFBC}") = "TemplateMethod.Console", "Behavioral\TemplateMethod\TemplateMethod.Console\TemplateMethod.Console.csproj", "{74219A77-72EF-4D14-BEB3-C5EB40BB1244}"
EndProject
Project("{FAE04EC0-301F-11D3-BF4B-00C04F79EFBC}") = "TemplateMethod.DesignPattern", "Behavioral\TemplateMethod\TemplateMethod.DesignPattern\TemplateMethod.DesignPattern.csproj", "{C97BECF1-7F2A-4ACE-84D2-D72FFB7B7343}"
EndProject
Project("{2150E333-8FDC-42A3-9474-1A3956D46DE8}") = "Command", "Command", "{383ACF81-485F-4BF3-83B3-C083B70053D0}"
	ProjectSection(SolutionItems) = preProject
		Behavioral\Command\readme.md = Behavioral\Command\readme.md
	EndProjectSection
EndProject
Project("{FAE04EC0-301F-11D3-BF4B-00C04F79EFBC}") = "Command.DesignPattern", "Behavioral\Command\Command.DesignPattern\Command.DesignPattern.csproj", "{8111D0D6-CAC4-4C60-A952-67201C4C3370}"
EndProject
Project("{FAE04EC0-301F-11D3-BF4B-00C04F79EFBC}") = "Command.Console", "Behavioral\Command\Command.Console\Command.Console.csproj", "{C27A464E-67F4-48B9-8C7B-5BD185CB5527}"
EndProject
Global
	GlobalSection(SolutionConfigurationPlatforms) = preSolution
		Debug|Any CPU = Debug|Any CPU
		Release|Any CPU = Release|Any CPU
	EndGlobalSection
	GlobalSection(SolutionProperties) = preSolution
		HideSolutionNode = FALSE
	EndGlobalSection
	GlobalSection(ProjectConfigurationPlatforms) = postSolution
		{B1B99A40-41DD-43A7-8C88-DB765D0093C1}.Debug|Any CPU.ActiveCfg = Debug|Any CPU
		{B1B99A40-41DD-43A7-8C88-DB765D0093C1}.Debug|Any CPU.Build.0 = Debug|Any CPU
		{B1B99A40-41DD-43A7-8C88-DB765D0093C1}.Release|Any CPU.ActiveCfg = Release|Any CPU
		{B1B99A40-41DD-43A7-8C88-DB765D0093C1}.Release|Any CPU.Build.0 = Release|Any CPU
		{7B0CF810-9069-4FD5-8FFE-E735D506DAC1}.Debug|Any CPU.ActiveCfg = Debug|Any CPU
		{7B0CF810-9069-4FD5-8FFE-E735D506DAC1}.Debug|Any CPU.Build.0 = Debug|Any CPU
		{7B0CF810-9069-4FD5-8FFE-E735D506DAC1}.Release|Any CPU.ActiveCfg = Release|Any CPU
		{7B0CF810-9069-4FD5-8FFE-E735D506DAC1}.Release|Any CPU.Build.0 = Release|Any CPU
		{62998CC9-B5D2-4A17-8C2E-A30AB6405404}.Debug|Any CPU.ActiveCfg = Debug|Any CPU
		{62998CC9-B5D2-4A17-8C2E-A30AB6405404}.Debug|Any CPU.Build.0 = Debug|Any CPU
		{62998CC9-B5D2-4A17-8C2E-A30AB6405404}.Release|Any CPU.ActiveCfg = Release|Any CPU
		{62998CC9-B5D2-4A17-8C2E-A30AB6405404}.Release|Any CPU.Build.0 = Release|Any CPU
		{974ED8CD-3734-4610-AB0F-816606A3F1FA}.Debug|Any CPU.ActiveCfg = Debug|Any CPU
		{974ED8CD-3734-4610-AB0F-816606A3F1FA}.Debug|Any CPU.Build.0 = Debug|Any CPU
		{974ED8CD-3734-4610-AB0F-816606A3F1FA}.Release|Any CPU.ActiveCfg = Release|Any CPU
		{974ED8CD-3734-4610-AB0F-816606A3F1FA}.Release|Any CPU.Build.0 = Release|Any CPU
		{8571E985-A9F0-4CBC-911E-AB3A8CF46EB2}.Debug|Any CPU.ActiveCfg = Debug|Any CPU
		{8571E985-A9F0-4CBC-911E-AB3A8CF46EB2}.Debug|Any CPU.Build.0 = Debug|Any CPU
		{8571E985-A9F0-4CBC-911E-AB3A8CF46EB2}.Release|Any CPU.ActiveCfg = Release|Any CPU
		{8571E985-A9F0-4CBC-911E-AB3A8CF46EB2}.Release|Any CPU.Build.0 = Release|Any CPU
		{07C1771A-9656-4DD0-9B5D-A92F2601003F}.Debug|Any CPU.ActiveCfg = Debug|Any CPU
		{07C1771A-9656-4DD0-9B5D-A92F2601003F}.Debug|Any CPU.Build.0 = Debug|Any CPU
		{07C1771A-9656-4DD0-9B5D-A92F2601003F}.Release|Any CPU.ActiveCfg = Release|Any CPU
		{07C1771A-9656-4DD0-9B5D-A92F2601003F}.Release|Any CPU.Build.0 = Release|Any CPU
		{F0B97B3C-CA25-47F2-B837-68E3933E65EA}.Debug|Any CPU.ActiveCfg = Debug|Any CPU
		{F0B97B3C-CA25-47F2-B837-68E3933E65EA}.Debug|Any CPU.Build.0 = Debug|Any CPU
		{F0B97B3C-CA25-47F2-B837-68E3933E65EA}.Release|Any CPU.ActiveCfg = Release|Any CPU
		{F0B97B3C-CA25-47F2-B837-68E3933E65EA}.Release|Any CPU.Build.0 = Release|Any CPU
		{C7D0ADEC-679E-4145-B3E4-B679BDBF494C}.Debug|Any CPU.ActiveCfg = Debug|Any CPU
		{C7D0ADEC-679E-4145-B3E4-B679BDBF494C}.Debug|Any CPU.Build.0 = Debug|Any CPU
		{C7D0ADEC-679E-4145-B3E4-B679BDBF494C}.Release|Any CPU.ActiveCfg = Release|Any CPU
		{C7D0ADEC-679E-4145-B3E4-B679BDBF494C}.Release|Any CPU.Build.0 = Release|Any CPU
		{AE53E52C-8792-42A3-9C39-1FB6C2D94794}.Debug|Any CPU.ActiveCfg = Debug|Any CPU
		{AE53E52C-8792-42A3-9C39-1FB6C2D94794}.Debug|Any CPU.Build.0 = Debug|Any CPU
		{AE53E52C-8792-42A3-9C39-1FB6C2D94794}.Release|Any CPU.ActiveCfg = Release|Any CPU
		{AE53E52C-8792-42A3-9C39-1FB6C2D94794}.Release|Any CPU.Build.0 = Release|Any CPU
		{4ADC5943-74B3-400C-B61C-90C2B53D70E2}.Debug|Any CPU.ActiveCfg = Debug|Any CPU
		{4ADC5943-74B3-400C-B61C-90C2B53D70E2}.Debug|Any CPU.Build.0 = Debug|Any CPU
		{4ADC5943-74B3-400C-B61C-90C2B53D70E2}.Release|Any CPU.ActiveCfg = Release|Any CPU
		{4ADC5943-74B3-400C-B61C-90C2B53D70E2}.Release|Any CPU.Build.0 = Release|Any CPU
		{C2CC3397-60B7-4631-A303-E1C5662DB667}.Debug|Any CPU.ActiveCfg = Debug|Any CPU
		{C2CC3397-60B7-4631-A303-E1C5662DB667}.Debug|Any CPU.Build.0 = Debug|Any CPU
		{C2CC3397-60B7-4631-A303-E1C5662DB667}.Release|Any CPU.ActiveCfg = Release|Any CPU
		{C2CC3397-60B7-4631-A303-E1C5662DB667}.Release|Any CPU.Build.0 = Release|Any CPU
		{77E1BF93-311B-4EF0-943A-5E49AB9F146B}.Debug|Any CPU.ActiveCfg = Debug|Any CPU
		{77E1BF93-311B-4EF0-943A-5E49AB9F146B}.Debug|Any CPU.Build.0 = Debug|Any CPU
		{77E1BF93-311B-4EF0-943A-5E49AB9F146B}.Release|Any CPU.ActiveCfg = Release|Any CPU
		{77E1BF93-311B-4EF0-943A-5E49AB9F146B}.Release|Any CPU.Build.0 = Release|Any CPU
		{03BD6829-4051-43C0-B9F5-99E7C62F0048}.Debug|Any CPU.ActiveCfg = Debug|Any CPU
		{03BD6829-4051-43C0-B9F5-99E7C62F0048}.Debug|Any CPU.Build.0 = Debug|Any CPU
		{03BD6829-4051-43C0-B9F5-99E7C62F0048}.Release|Any CPU.ActiveCfg = Release|Any CPU
		{03BD6829-4051-43C0-B9F5-99E7C62F0048}.Release|Any CPU.Build.0 = Release|Any CPU
		{C00E56A8-5D7C-4E07-95C1-353CA035866D}.Debug|Any CPU.ActiveCfg = Debug|Any CPU
		{C00E56A8-5D7C-4E07-95C1-353CA035866D}.Debug|Any CPU.Build.0 = Debug|Any CPU
		{C00E56A8-5D7C-4E07-95C1-353CA035866D}.Release|Any CPU.ActiveCfg = Release|Any CPU
		{C00E56A8-5D7C-4E07-95C1-353CA035866D}.Release|Any CPU.Build.0 = Release|Any CPU
		{2C86E813-B3CC-47A1-A7C1-4EFD94D1D5FD}.Debug|Any CPU.ActiveCfg = Debug|Any CPU
		{2C86E813-B3CC-47A1-A7C1-4EFD94D1D5FD}.Debug|Any CPU.Build.0 = Debug|Any CPU
		{2C86E813-B3CC-47A1-A7C1-4EFD94D1D5FD}.Release|Any CPU.ActiveCfg = Release|Any CPU
		{2C86E813-B3CC-47A1-A7C1-4EFD94D1D5FD}.Release|Any CPU.Build.0 = Release|Any CPU
		{1531DA11-0E8F-4E3F-9479-C1B45B7651FD}.Debug|Any CPU.ActiveCfg = Debug|Any CPU
		{1531DA11-0E8F-4E3F-9479-C1B45B7651FD}.Debug|Any CPU.Build.0 = Debug|Any CPU
		{1531DA11-0E8F-4E3F-9479-C1B45B7651FD}.Release|Any CPU.ActiveCfg = Release|Any CPU
		{1531DA11-0E8F-4E3F-9479-C1B45B7651FD}.Release|Any CPU.Build.0 = Release|Any CPU
		{89A68D95-F54E-4A38-AD83-67F065F84CA0}.Debug|Any CPU.ActiveCfg = Debug|Any CPU
		{89A68D95-F54E-4A38-AD83-67F065F84CA0}.Debug|Any CPU.Build.0 = Debug|Any CPU
		{89A68D95-F54E-4A38-AD83-67F065F84CA0}.Release|Any CPU.ActiveCfg = Release|Any CPU
		{89A68D95-F54E-4A38-AD83-67F065F84CA0}.Release|Any CPU.Build.0 = Release|Any CPU
		{57A26996-24E3-48EF-BB3A-6B82CF704B8E}.Debug|Any CPU.ActiveCfg = Debug|Any CPU
		{57A26996-24E3-48EF-BB3A-6B82CF704B8E}.Debug|Any CPU.Build.0 = Debug|Any CPU
		{57A26996-24E3-48EF-BB3A-6B82CF704B8E}.Release|Any CPU.ActiveCfg = Release|Any CPU
		{57A26996-24E3-48EF-BB3A-6B82CF704B8E}.Release|Any CPU.Build.0 = Release|Any CPU
		{74219A77-72EF-4D14-BEB3-C5EB40BB1244}.Debug|Any CPU.ActiveCfg = Debug|Any CPU
		{74219A77-72EF-4D14-BEB3-C5EB40BB1244}.Debug|Any CPU.Build.0 = Debug|Any CPU
		{74219A77-72EF-4D14-BEB3-C5EB40BB1244}.Release|Any CPU.ActiveCfg = Release|Any CPU
		{74219A77-72EF-4D14-BEB3-C5EB40BB1244}.Release|Any CPU.Build.0 = Release|Any CPU
		{C97BECF1-7F2A-4ACE-84D2-D72FFB7B7343}.Debug|Any CPU.ActiveCfg = Debug|Any CPU
		{C97BECF1-7F2A-4ACE-84D2-D72FFB7B7343}.Debug|Any CPU.Build.0 = Debug|Any CPU
		{C97BECF1-7F2A-4ACE-84D2-D72FFB7B7343}.Release|Any CPU.ActiveCfg = Release|Any CPU
		{C97BECF1-7F2A-4ACE-84D2-D72FFB7B7343}.Release|Any CPU.Build.0 = Release|Any CPU
		{8111D0D6-CAC4-4C60-A952-67201C4C3370}.Debug|Any CPU.ActiveCfg = Debug|Any CPU
		{8111D0D6-CAC4-4C60-A952-67201C4C3370}.Debug|Any CPU.Build.0 = Debug|Any CPU
		{8111D0D6-CAC4-4C60-A952-67201C4C3370}.Release|Any CPU.ActiveCfg = Release|Any CPU
		{8111D0D6-CAC4-4C60-A952-67201C4C3370}.Release|Any CPU.Build.0 = Release|Any CPU
		{C27A464E-67F4-48B9-8C7B-5BD185CB5527}.Debug|Any CPU.ActiveCfg = Debug|Any CPU
		{C27A464E-67F4-48B9-8C7B-5BD185CB5527}.Debug|Any CPU.Build.0 = Debug|Any CPU
		{C27A464E-67F4-48B9-8C7B-5BD185CB5527}.Release|Any CPU.ActiveCfg = Release|Any CPU
		{C27A464E-67F4-48B9-8C7B-5BD185CB5527}.Release|Any CPU.Build.0 = Release|Any CPU
	EndGlobalSection
	GlobalSection(NestedProjects) = preSolution
		{20537D44-CBBA-40FE-8B4E-4225F5BBE8D2} = {F7345594-897B-4FD9-81A7-34055BEDC1FE}
		{B1B99A40-41DD-43A7-8C88-DB765D0093C1} = {20537D44-CBBA-40FE-8B4E-4225F5BBE8D2}
		{7B0CF810-9069-4FD5-8FFE-E735D506DAC1} = {20537D44-CBBA-40FE-8B4E-4225F5BBE8D2}
		{6523E22A-5DC6-4BEC-AA2C-DA34F355865B} = {F7345594-897B-4FD9-81A7-34055BEDC1FE}
		{62998CC9-B5D2-4A17-8C2E-A30AB6405404} = {6523E22A-5DC6-4BEC-AA2C-DA34F355865B}
		{974ED8CD-3734-4610-AB0F-816606A3F1FA} = {6523E22A-5DC6-4BEC-AA2C-DA34F355865B}
		{016FD52F-C31B-40E6-8F81-86BC894DF778} = {F7345594-897B-4FD9-81A7-34055BEDC1FE}
		{8571E985-A9F0-4CBC-911E-AB3A8CF46EB2} = {016FD52F-C31B-40E6-8F81-86BC894DF778}
		{07C1771A-9656-4DD0-9B5D-A92F2601003F} = {016FD52F-C31B-40E6-8F81-86BC894DF778}
		{43ECD795-BAC3-4EF3-BBF6-ABB50C95A6B1} = {296B62EF-E1AB-4089-A15A-92C2F26E6267}
		{F0B97B3C-CA25-47F2-B837-68E3933E65EA} = {43ECD795-BAC3-4EF3-BBF6-ABB50C95A6B1}
		{C7D0ADEC-679E-4145-B3E4-B679BDBF494C} = {43ECD795-BAC3-4EF3-BBF6-ABB50C95A6B1}
		{FAE4A505-D8AE-46BE-AA9B-D102355FC97E} = {296B62EF-E1AB-4089-A15A-92C2F26E6267}
		{AE53E52C-8792-42A3-9C39-1FB6C2D94794} = {FAE4A505-D8AE-46BE-AA9B-D102355FC97E}
		{4ADC5943-74B3-400C-B61C-90C2B53D70E2} = {FAE4A505-D8AE-46BE-AA9B-D102355FC97E}
		{01F1CC50-F2E8-458E-9CCF-7D74E50B73D2} = {296B62EF-E1AB-4089-A15A-92C2F26E6267}
		{C2CC3397-60B7-4631-A303-E1C5662DB667} = {01F1CC50-F2E8-458E-9CCF-7D74E50B73D2}
		{77E1BF93-311B-4EF0-943A-5E49AB9F146B} = {01F1CC50-F2E8-458E-9CCF-7D74E50B73D2}
		{59C57F5E-EF48-4254-AD37-EF4966B076BF} = {296B62EF-E1AB-4089-A15A-92C2F26E6267}
		{03BD6829-4051-43C0-B9F5-99E7C62F0048} = {59C57F5E-EF48-4254-AD37-EF4966B076BF}
		{C00E56A8-5D7C-4E07-95C1-353CA035866D} = {59C57F5E-EF48-4254-AD37-EF4966B076BF}
		{7E189702-FD5A-498A-839B-29D50B3BA6D8} = {296B62EF-E1AB-4089-A15A-92C2F26E6267}
		{2C86E813-B3CC-47A1-A7C1-4EFD94D1D5FD} = {7E189702-FD5A-498A-839B-29D50B3BA6D8}
		{1531DA11-0E8F-4E3F-9479-C1B45B7651FD} = {7E189702-FD5A-498A-839B-29D50B3BA6D8}
		{D995CA3E-5B4F-4122-96C7-A846EDF7A36F} = {296B62EF-E1AB-4089-A15A-92C2F26E6267}
		{89A68D95-F54E-4A38-AD83-67F065F84CA0} = {D995CA3E-5B4F-4122-96C7-A846EDF7A36F}
		{57A26996-24E3-48EF-BB3A-6B82CF704B8E} = {D995CA3E-5B4F-4122-96C7-A846EDF7A36F}
		{FB0BC892-02C0-4A2A-8208-59CF8E20E8B8} = {E32F960E-1675-4E04-A115-B5B71BE51425}
		{74219A77-72EF-4D14-BEB3-C5EB40BB1244} = {FB0BC892-02C0-4A2A-8208-59CF8E20E8B8}
		{C97BECF1-7F2A-4ACE-84D2-D72FFB7B7343} = {FB0BC892-02C0-4A2A-8208-59CF8E20E8B8}
		{383ACF81-485F-4BF3-83B3-C083B70053D0} = {E32F960E-1675-4E04-A115-B5B71BE51425}
		{8111D0D6-CAC4-4C60-A952-67201C4C3370} = {383ACF81-485F-4BF3-83B3-C083B70053D0}
		{C27A464E-67F4-48B9-8C7B-5BD185CB5527} = {383ACF81-485F-4BF3-83B3-C083B70053D0}
	EndGlobalSection
EndGlobal
