
Microsoft Visual Studio Solution File, Format Version 12.00
# Visual Studio Version 17
VisualStudioVersion = 17.0.31903.59
MinimumVisualStudioVersion = 10.0.40219.1
Project("{2150E333-8FDC-42A3-9474-1A3956D46DE8}") = "FactoryMethod", "FactoryMethod", "{847D0691-14CC-4F9A-8BEE-5105563026C8}"
EndProject
Project("{FAE04EC0-301F-11D3-BF4B-00C04F79EFBC}") = "FactoryMethod.DesignPattern", "FactoryMethod\FactoryMethod.DesignPattern\FactoryMethod.DesignPattern.csproj", "{325679FC-A22B-40AB-B4F8-FC11C9698FB6}"
EndProject
Project("{FAE04EC0-301F-11D3-BF4B-00C04F79EFBC}") = "FactoryMethod.Console", "FactoryMethod\FactoryMethod.Console\FactoryMethod.Console.csproj", "{61CA5F3B-FCE7-4B6C-BA77-DEF4E74B067F}"
EndProject
Global
	GlobalSection(SolutionConfigurationPlatforms) = preSolution
		Debug|Any CPU = Debug|Any CPU
		Release|Any CPU = Release|Any CPU
	EndGlobalSection
	GlobalSection(SolutionProperties) = preSolution
		HideSolutionNode = FALSE
	EndGlobalSection
	GlobalSection(ProjectConfigurationPlatforms) = postSolution
		{325679FC-A22B-40AB-B4F8-FC11C9698FB6}.Debug|Any CPU.ActiveCfg = Debug|Any CPU
		{325679FC-A22B-40AB-B4F8-FC11C9698FB6}.Debug|Any CPU.Build.0 = Debug|Any CPU
		{325679FC-A22B-40AB-B4F8-FC11C9698FB6}.Release|Any CPU.ActiveCfg = Release|Any CPU
		{325679FC-A22B-40AB-B4F8-FC11C9698FB6}.Release|Any CPU.Build.0 = Release|Any CPU
		{61CA5F3B-FCE7-4B6C-BA77-DEF4E74B067F}.Debug|Any CPU.ActiveCfg = Debug|Any CPU
		{61CA5F3B-FCE7-4B6C-BA77-DEF4E74B067F}.Debug|Any CPU.Build.0 = Debug|Any CPU
		{61CA5F3B-FCE7-4B6C-BA77-DEF4E74B067F}.Release|Any CPU.ActiveCfg = Release|Any CPU
		{61CA5F3B-FCE7-4B6C-BA77-DEF4E74B067F}.Release|Any CPU.Build.0 = Release|Any CPU
	EndGlobalSection
	GlobalSection(NestedProjects) = preSolution
		{325679FC-A22B-40AB-B4F8-FC11C9698FB6} = {847D0691-14CC-4F9A-8BEE-5105563026C8}
		{61CA5F3B-FCE7-4B6C-BA77-DEF4E74B067F} = {847D0691-14CC-4F9A-8BEE-5105563026C8}
	EndGlobalSection
EndGlobal
